// !$*UTF8*$!
{
	archiveVersion = 1;
	classes = {
	};
	objectVersion = 46;
	objects = {

/* Begin PBXBuildFile section */
		83D73AAD1E8D724300B146FE /* AppDelegate.swift in Sources */ = {isa = PBXBuildFile; fileRef = 83D73AAC1E8D724300B146FE /* AppDelegate.swift */; };
		83D73AAF1E8D724300B146FE /* ViewController.swift in Sources */ = {isa = PBXBuildFile; fileRef = 83D73AAE1E8D724300B146FE /* ViewController.swift */; };
		83D73AB21E8D724300B146FE /* Main.storyboard in Resources */ = {isa = PBXBuildFile; fileRef = 83D73AB01E8D724300B146FE /* Main.storyboard */; };
		83D73AB41E8D724300B146FE /* Assets.xcassets in Resources */ = {isa = PBXBuildFile; fileRef = 83D73AB31E8D724300B146FE /* Assets.xcassets */; };
		83D73AB71E8D724300B146FE /* LaunchScreen.storyboard in Resources */ = {isa = PBXBuildFile; fileRef = 83D73AB51E8D724300B146FE /* LaunchScreen.storyboard */; };
		83D73AC21E8D724300B146FE /* _DA_EVA_PRACTICA_4UITests.swift in Sources */ = {isa = PBXBuildFile; fileRef = 83D73AC11E8D724300B146FE /* _DA_EVA_PRACTICA_4UITests.swift */; };
/* End PBXBuildFile section */

/* Begin PBXContainerItemProxy section */
		83D73ABE1E8D724300B146FE /* PBXContainerItemProxy */ = {
			isa = PBXContainerItemProxy;
			containerPortal = 83D73AA11E8D724300B146FE /* Project object */;
			proxyType = 1;
			remoteGlobalIDString = 83D73AA81E8D724300B146FE;
			remoteInfo = 2DA_EVA_PRACTICA_4;
		};
/* End PBXContainerItemProxy section */

/* Begin PBXFileReference section */
		83D73AA91E8D724300B146FE /* 2DA_EVA_PRACTICA_4.app */ = {isa = PBXFileReference; explicitFileType = wrapper.application; includeInIndex = 0; path = 2DA_EVA_PRACTICA_4.app; sourceTree = BUILT_PRODUCTS_DIR; };
		83D73AAC1E8D724300B146FE /* AppDelegate.swift */ = {isa = PBXFileReference; lastKnownFileType = sourcecode.swift; path = AppDelegate.swift; sourceTree = "<group>"; };
		83D73AAE1E8D724300B146FE /* ViewController.swift */ = {isa = PBXFileReference; lastKnownFileType = sourcecode.swift; path = ViewController.swift; sourceTree = "<group>"; };
		83D73AB11E8D724300B146FE /* Base */ = {isa = PBXFileReference; lastKnownFileType = file.storyboard; name = Base; path = Base.lproj/Main.storyboard; sourceTree = "<group>"; };
		83D73AB31E8D724300B146FE /* Assets.xcassets */ = {isa = PBXFileReference; lastKnownFileType = folder.assetcatalog; path = Assets.xcassets; sourceTree = "<group>"; };
		83D73AB61E8D724300B146FE /* Base */ = {isa = PBXFileReference; lastKnownFileType = file.storyboard; name = Base; path = Base.lproj/LaunchScreen.storyboard; sourceTree = "<group>"; };
		83D73AB81E8D724300B146FE /* Info.plist */ = {isa = PBXFileReference; lastKnownFileType = text.plist.xml; path = Info.plist; sourceTree = "<group>"; };
		83D73ABD1E8D724300B146FE /* 2DA_EVA_PRACTICA_4UITests.xctest */ = {isa = PBXFileReference; explicitFileType = wrapper.cfbundle; includeInIndex = 0; path = 2DA_EVA_PRACTICA_4UITests.xctest; sourceTree = BUILT_PRODUCTS_DIR; };
		83D73AC11E8D724300B146FE /* _DA_EVA_PRACTICA_4UITests.swift */ = {isa = PBXFileReference; lastKnownFileType = sourcecode.swift; path = _DA_EVA_PRACTICA_4UITests.swift; sourceTree = "<group>"; };
		83D73AC31E8D724300B146FE /* Info.plist */ = {isa = PBXFileReference; lastKnownFileType = text.plist.xml; path = Info.plist; sourceTree = "<group>"; };
/* End PBXFileReference section */

/* Begin PBXFrameworksBuildPhase section */
		83D73AA61E8D724300B146FE /* Frameworks */ = {
			isa = PBXFrameworksBuildPhase;
			buildActionMask = 2147483647;
			files = (
			);
			runOnlyForDeploymentPostprocessing = 0;
		};
		83D73ABA1E8D724300B146FE /* Frameworks */ = {
			isa = PBXFrameworksBuildPhase;
			buildActionMask = 2147483647;
			files = (
			);
			runOnlyForDeploymentPostprocessing = 0;
		};
/* End PBXFrameworksBuildPhase section */

/* Begin PBXGroup section */
		83D73AA01E8D724300B146FE = {
			isa = PBXGroup;
			children = (
				83D73AAB1E8D724300B146FE /* 2DA_EVA_PRACTICA_4 */,
				83D73AC01E8D724300B146FE /* 2DA_EVA_PRACTICA_4UITests */,
				83D73AAA1E8D724300B146FE /* Products */,
			);
			sourceTree = "<group>";
		};
		83D73AAA1E8D724300B146FE /* Products */ = {
			isa = PBXGroup;
			children = (
				83D73AA91E8D724300B146FE /* 2DA_EVA_PRACTICA_4.app */,
				83D73ABD1E8D724300B146FE /* 2DA_EVA_PRACTICA_4UITests.xctest */,
			);
			name = Products;
			sourceTree = "<group>";
		};
		83D73AAB1E8D724300B146FE /* 2DA_EVA_PRACTICA_4 */ = {
			isa = PBXGroup;
			children = (
				83D73AAC1E8D724300B146FE /* AppDelegate.swift */,
				83D73AAE1E8D724300B146FE /* ViewController.swift */,
				83D73AB01E8D724300B146FE /* Main.storyboard */,
				83D73AB31E8D724300B146FE /* Assets.xcassets */,
				83D73AB51E8D724300B146FE /* LaunchScreen.storyboard */,
				83D73AB81E8D724300B146FE /* Info.plist */,
			);
			path = 2DA_EVA_PRACTICA_4;
			sourceTree = "<group>";
		};
		83D73AC01E8D724300B146FE /* 2DA_EVA_PRACTICA_4UITests */ = {
			isa = PBXGroup;
			children = (
				83D73AC11E8D724300B146FE /* _DA_EVA_PRACTICA_4UITests.swift */,
				83D73AC31E8D724300B146FE /* Info.plist */,
			);
			path = 2DA_EVA_PRACTICA_4UITests;
			sourceTree = "<group>";
		};
/* End PBXGroup section */

/* Begin PBXNativeTarget section */
		83D73AA81E8D724300B146FE /* 2DA_EVA_PRACTICA_4 */ = {
			isa = PBXNativeTarget;
			buildConfigurationList = 83D73AC61E8D724300B146FE /* Build configuration list for PBXNativeTarget "2DA_EVA_PRACTICA_4" */;
			buildPhases = (
				83D73AA51E8D724300B146FE /* Sources */,
				83D73AA61E8D724300B146FE /* Frameworks */,
				83D73AA71E8D724300B146FE /* Resources */,
			);
			buildRules = (
			);
			dependencies = (
			);
			name = 2DA_EVA_PRACTICA_4;
			productName = 2DA_EVA_PRACTICA_4;
			productReference = 83D73AA91E8D724300B146FE /* 2DA_EVA_PRACTICA_4.app */;
			productType = "com.apple.product-type.application";
		};
		83D73ABC1E8D724300B146FE /* 2DA_EVA_PRACTICA_4UITests */ = {
			isa = PBXNativeTarget;
			buildConfigurationList = 83D73AC91E8D724300B146FE /* Build configuration list for PBXNativeTarget "2DA_EVA_PRACTICA_4UITests" */;
			buildPhases = (
				83D73AB91E8D724300B146FE /* Sources */,
				83D73ABA1E8D724300B146FE /* Frameworks */,
				83D73ABB1E8D724300B146FE /* Resources */,
			);
			buildRules = (
			);
			dependencies = (
				83D73ABF1E8D724300B146FE /* PBXTargetDependency */,
			);
			name = 2DA_EVA_PRACTICA_4UITests;
			productName = 2DA_EVA_PRACTICA_4UITests;
			productReference = 83D73ABD1E8D724300B146FE /* 2DA_EVA_PRACTICA_4UITests.xctest */;
			productType = "com.apple.product-type.bundle.ui-testing";
		};
/* End PBXNativeTarget section */

/* Begin PBXProject section */
		83D73AA11E8D724300B146FE /* Project object */ = {
			isa = PBXProject;
			attributes = {
				LastSwiftUpdateCheck = 0730;
				LastUpgradeCheck = 0730;
				ORGANIZATIONNAME = tec2;
				TargetAttributes = {
					83D73AA81E8D724300B146FE = {
						CreatedOnToolsVersion = 7.3.1;
					};
					83D73ABC1E8D724300B146FE = {
						CreatedOnToolsVersion = 7.3.1;
						TestTargetID = 83D73AA81E8D724300B146FE;
					};
				};
			};
			buildConfigurationList = 83D73AA41E8D724300B146FE /* Build configuration list for PBXProject "2DA_EVA_PRACTICA_4" */;
			compatibilityVersion = "Xcode 3.2";
			developmentRegion = English;
			hasScannedForEncodings = 0;
			knownRegions = (
				en,
				Base,
			);
			mainGroup = 83D73AA01E8D724300B146FE;
			productRefGroup = 83D73AAA1E8D724300B146FE /* Products */;
			projectDirPath = "";
			projectRoot = "";
			targets = (
				83D73AA81E8D724300B146FE /* 2DA_EVA_PRACTICA_4 */,
				83D73ABC1E8D724300B146FE /* 2DA_EVA_PRACTICA_4UITests */,
			);
		};
/* End PBXProject section */

/* Begin PBXResourcesBuildPhase section */
		83D73AA71E8D724300B146FE /* Resources */ = {
			isa = PBXResourcesBuildPhase;
			buildActionMask = 2147483647;
			files = (
				83D73AB71E8D724300B146FE /* LaunchScreen.storyboard in Resources */,
				83D73AB41E8D724300B146FE /* Assets.xcassets in Resources */,
				83D73AB21E8D724300B146FE /* Main.storyboard in Resources */,
			);
			runOnlyForDeploymentPostprocessing = 0;
		};
		83D73ABB1E8D724300B146FE /* Resources */ = {
			isa = PBXResourcesBuildPhase;
			buildActionMask = 2147483647;
			files = (
			);
			runOnlyForDeploymentPostprocessing = 0;
		};
/* End PBXResourcesBuildPhase section */

/* Begin PBXSourcesBuildPhase section */
		83D73AA51E8D724300B146FE /* Sources */ = {
			isa = PBXSourcesBuildPhase;
			buildActionMask = 2147483647;
			files = (
				83D73AAF1E8D724300B146FE /* ViewController.swift in Sources */,
				83D73AAD1E8D724300B146FE /* AppDelegate.swift in Sources */,
			);
			runOnlyForDeploymentPostprocessing = 0;
		};
		83D73AB91E8D724300B146FE /* Sources */ = {
			isa = PBXSourcesBuildPhase;
			buildActionMask = 2147483647;
			files = (
				83D73AC21E8D724300B146FE /* _DA_EVA_PRACTICA_4UITests.swift in Sources */,
			);
			runOnlyForDeploymentPostprocessing = 0;
		};
/* End PBXSourcesBuildPhase section */

/* Begin PBXTargetDependency section */
		83D73ABF1E8D724300B146FE /* PBXTargetDependency */ = {
			isa = PBXTargetDependency;
			target = 83D73AA81E8D724300B146FE /* 2DA_EVA_PRACTICA_4 */;
			targetProxy = 83D73ABE1E8D724300B146FE /* PBXContainerItemProxy */;
		};
/* End PBXTargetDependency section */

/* Begin PBXVariantGroup section */
		83D73AB01E8D724300B146FE /* Main.storyboard */ = {
			isa = PBXVariantGroup;
			children = (
				83D73AB11E8D724300B146FE /* Base */,
			);
			name = Main.storyboard;
			sourceTree = "<group>";
		};
		83D73AB51E8D724300B146FE /* LaunchScreen.storyboard */ = {
			isa = PBXVariantGroup;
			children = (
				83D73AB61E8D724300B146FE /* Base */,
			);
			name = LaunchScreen.storyboard;
			sourceTree = "<group>";
		};
/* End PBXVariantGroup section */

/* Begin XCBuildConfiguration section */
		83D73AC41E8D724300B146FE /* Debug */ = {
			isa = XCBuildConfiguration;
			buildSettings = {
				ALWAYS_SEARCH_USER_PATHS = NO;
				CLANG_ANALYZER_NONNULL = YES;
				CLANG_CXX_LANGUAGE_STANDARD = "gnu++0x";
				CLANG_CXX_LIBRARY = "libc++";
				CLANG_ENABLE_MODULES = YES;
				CLANG_ENABLE_OBJC_ARC = YES;
				CLANG_WARN_BOOL_CONVERSION = YES;
				CLANG_WARN_CONSTANT_CONVERSION = YES;
				CLANG_WARN_DIRECT_OBJC_ISA_USAGE = YES_ERROR;
				CLANG_WARN_EMPTY_BODY = YES;
				CLANG_WARN_ENUM_CONVERSION = YES;
				CLANG_WARN_INT_CONVERSION = YES;
				CLANG_WARN_OBJC_ROOT_CLASS = YES_ERROR;
				CLANG_WARN_UNREACHABLE_CODE = YES;
				CLANG_WARN__DUPLICATE_METHOD_MATCH = YES;
				"CODE_SIGN_IDENTITY[sdk=iphoneos*]" = "iPhone Developer";
				COPY_PHASE_STRIP = NO;
				DEBUG_INFORMATION_FORMAT = dwarf;
				ENABLE_STRICT_OBJC_MSGSEND = YES;
				ENABLE_TESTABILITY = YES;
				GCC_C_LANGUAGE_STANDARD = gnu99;
				GCC_DYNAMIC_NO_PIC = NO;
				GCC_NO_COMMON_BLOCKS = YES;
				GCC_OPTIMIZATION_LEVEL = 0;
				GCC_PREPROCESSOR_DEFINITIONS = (
					"DEBUG=1",
					"$(inherited)",
				);
				GCC_WARN_64_TO_32_BIT_CONVERSION = YES;
				GCC_WARN_ABOUT_RETURN_TYPE = YES_ERROR;
				GCC_WARN_UNDECLARED_SELECTOR = YES;
				GCC_WARN_UNINITIALIZED_AUTOS = YES_AGGRESSIVE;
				GCC_WARN_UNUSED_FUNCTION = YES;
				GCC_WARN_UNUSED_VARIABLE = YES;
				IPHONEOS_DEPLOYMENT_TARGET = 9.3;
				MTL_ENABLE_DEBUG_INFO = YES;
				ONLY_ACTIVE_ARCH = YES;
				SDKROOT = iphoneos;
				SWIFT_OPTIMIZATION_LEVEL = "-Onone";
			};
			name = Debug;
		};
		83D73AC51E8D724300B146FE /* Release */ = {
			isa = XCBuildConfiguration;
			buildSettings = {
				ALWAYS_SEARCH_USER_PATHS = NO;
				CLANG_ANALYZER_NONNULL = YES;
				CLANG_CXX_LANGUAGE_STANDARD = "gnu++0x";
				CLANG_CXX_LIBRARY = "libc++";
				CLANG_ENABLE_MODULES = YES;
				CLANG_ENABLE_OBJC_ARC = YES;
				CLANG_WARN_BOOL_CONVERSION = YES;
				CLANG_WARN_CONSTANT_CONVERSION = YES;
				CLANG_WARN_DIRECT_OBJC_ISA_USAGE = YES_ERROR;
				CLANG_WARN_EMPTY_BODY = YES;
				CLANG_WARN_ENUM_CONVERSION = YES;
				CLANG_WARN_INT_CONVERSION = YES;
				CLANG_WARN_OBJC_ROOT_CLASS = YES_ERROR;
				CLANG_WARN_UNREACHABLE_CODE = YES;
				CLANG_WARN__DUPLICATE_METHOD_MATCH = YES;
				"CODE_SIGN_IDENTITY[sdk=iphoneos*]" = "iPhone Developer";
				COPY_PHASE_STRIP = NO;
				DEBUG_INFORMATION_FORMAT = "dwarf-with-dsym";
				ENABLE_NS_ASSERTIONS = NO;
				ENABLE_STRICT_OBJC_MSGSEND = YES;
				GCC_C_LANGUAGE_STANDARD = gnu99;
				GCC_NO_COMMON_BLOCKS = YES;
				GCC_WARN_64_TO_32_BIT_CONVERSION = YES;
				GCC_WARN_ABOUT_RETURN_TYPE = YES_ERROR;
				GCC_WARN_UNDECLARED_SELECTOR = YES;
				GCC_WARN_UNINITIALIZED_AUTOS = YES_AGGRESSIVE;
				GCC_WARN_UNUSED_FUNCTION = YES;
				GCC_WARN_UNUSED_VARIABLE = YES;
				IPHONEOS_DEPLOYMENT_TARGET = 9.3;
				MTL_ENABLE_DEBUG_INFO = NO;
				SDKROOT = iphoneos;
				VALIDATE_PRODUCT = YES;
			};
			name = Release;
		};
		83D73AC71E8D724300B146FE /* Debug */ = {
			isa = XCBuildConfiguration;
			buildSettings = {
				ASSETCATALOG_COMPILER_APPICON_NAME = AppIcon;
				INFOPLIST_FILE = 2DA_EVA_PRACTICA_4/Info.plist;
				LD_RUNPATH_SEARCH_PATHS = "$(inherited) @executable_path/Frameworks";
				PRODUCT_BUNDLE_IDENTIFIER = "administrador.-DA-EVA-PRACTICA-4";
				PRODUCT_NAME = "$(TARGET_NAME)";
			};
			name = Debug;
		};
		83D73AC81E8D724300B146FE /* Release */ = {
			isa = XCBuildConfiguration;
			buildSettings = {
				ASSETCATALOG_COMPILER_APPICON_NAME = AppIcon;
				INFOPLIST_FILE = 2DA_EVA_PRACTICA_4/Info.plist;
				LD_RUNPATH_SEARCH_PATHS = "$(inherited) @executable_path/Frameworks";
				PRODUCT_BUNDLE_IDENTIFIER = "administrador.-DA-EVA-PRACTICA-4";
				PRODUCT_NAME = "$(TARGET_NAME)";
			};
			name = Release;
		};
		83D73ACA1E8D724300B146FE /* Debug */ = {
			isa = XCBuildConfiguration;
			buildSettings = {
				INFOPLIST_FILE = 2DA_EVA_PRACTICA_4UITests/Info.plist;
				LD_RUNPATH_SEARCH_PATHS = "$(inherited) @executable_path/Frameworks @loader_path/Frameworks";
				PRODUCT_BUNDLE_IDENTIFIER = "administrador.-DA-EVA-PRACTICA-4UITests";
				PRODUCT_NAME = "$(TARGET_NAME)";
				TEST_TARGET_NAME = 2DA_EVA_PRACTICA_4;
			};
			name = Debug;
		};
		83D73ACB1E8D724300B146FE /* Release */ = {
			isa = XCBuildConfiguration;
			buildSettings = {
				INFOPLIST_FILE = 2DA_EVA_PRACTICA_4UITests/Info.plist;
				LD_RUNPATH_SEARCH_PATHS = "$(inherited) @executable_path/Frameworks @loader_path/Frameworks";
				PRODUCT_BUNDLE_IDENTIFIER = "administrador.-DA-EVA-PRACTICA-4UITests";
				PRODUCT_NAME = "$(TARGET_NAME)";
				TEST_TARGET_NAME = 2DA_EVA_PRACTICA_4;
			};
			name = Release;
		};
/* End XCBuildConfiguration section */

/* Begin XCConfigurationList section */
		83D73AA41E8D724300B146FE /* Build configuration list for PBXProject "2DA_EVA_PRACTICA_4" */ = {
			isa = XCConfigurationList;
			buildConfigurations = (
				83D73AC41E8D724300B146FE /* Debug */,
				83D73AC51E8D724300B146FE /* Release */,
			);
			defaultConfigurationIsVisible = 0;
			defaultConfigurationName = Release;
		};
		83D73AC61E8D724300B146FE /* Build configuration list for PBXNativeTarget "2DA_EVA_PRACTICA_4" */ = {
			isa = XCConfigurationList;
			buildConfigurations = (
				83D73AC71E8D724300B146FE /* Debug */,
				83D73AC81E8D724300B146FE /* Release */,
			);
			defaultConfigurationIsVisible = 0;
		};
		83D73AC91E8D724300B146FE /* Build configuration list for PBXNativeTarget "2DA_EVA_PRACTICA_4UITests" */ = {
			isa = XCConfigurationList;
			buildConfigurations = (
				83D73ACA1E8D724300B146FE /* Debug */,
				83D73ACB1E8D724300B146FE /* Release */,
			);
			defaultConfigurationIsVisible = 0;
		};
/* End XCConfigurationList section */
	};
	rootObject = 83D73AA11E8D724300B146FE /* Project object */;
}
