// !$*UTF8*$!
{
	archiveVersion = 1;
	classes = {
	};
	objectVersion = 46;
	objects = {

/* Begin PBXBuildFile section */
		83AD07891E6F261300313D24 /* AppDelegate.swift in Sources */ = {isa = PBXBuildFile; fileRef = 83AD07881E6F261300313D24 /* AppDelegate.swift */; };
		83AD078B1E6F261300313D24 /* ViewController.swift in Sources */ = {isa = PBXBuildFile; fileRef = 83AD078A1E6F261300313D24 /* ViewController.swift */; };
		83AD078E1E6F261300313D24 /* Main.storyboard in Resources */ = {isa = PBXBuildFile; fileRef = 83AD078C1E6F261300313D24 /* Main.storyboard */; };
		83AD07901E6F261300313D24 /* Assets.xcassets in Resources */ = {isa = PBXBuildFile; fileRef = 83AD078F1E6F261300313D24 /* Assets.xcassets */; };
		83AD07931E6F261300313D24 /* LaunchScreen.storyboard in Resources */ = {isa = PBXBuildFile; fileRef = 83AD07911E6F261300313D24 /* LaunchScreen.storyboard */; };
		83AD079E1E6F261300313D24 /* _DA_EVA_2_TablasUITests.swift in Sources */ = {isa = PBXBuildFile; fileRef = 83AD079D1E6F261300313D24 /* _DA_EVA_2_TablasUITests.swift */; };
/* End PBXBuildFile section */

/* Begin PBXContainerItemProxy section */
		83AD079A1E6F261300313D24 /* PBXContainerItemProxy */ = {
			isa = PBXContainerItemProxy;
			containerPortal = 83AD077D1E6F261300313D24 /* Project object */;
			proxyType = 1;
			remoteGlobalIDString = 83AD07841E6F261300313D24;
			remoteInfo = 2DA_EVA_2_Tablas;
		};
/* End PBXContainerItemProxy section */

/* Begin PBXFileReference section */
		83AD07851E6F261300313D24 /* 2DA_EVA_2_Tablas.app */ = {isa = PBXFileReference; explicitFileType = wrapper.application; includeInIndex = 0; path = 2DA_EVA_2_Tablas.app; sourceTree = BUILT_PRODUCTS_DIR; };
		83AD07881E6F261300313D24 /* AppDelegate.swift */ = {isa = PBXFileReference; lastKnownFileType = sourcecode.swift; path = AppDelegate.swift; sourceTree = "<group>"; };
		83AD078A1E6F261300313D24 /* ViewController.swift */ = {isa = PBXFileReference; lastKnownFileType = sourcecode.swift; path = ViewController.swift; sourceTree = "<group>"; };
		83AD078D1E6F261300313D24 /* Base */ = {isa = PBXFileReference; lastKnownFileType = file.storyboard; name = Base; path = Base.lproj/Main.storyboard; sourceTree = "<group>"; };
		83AD078F1E6F261300313D24 /* Assets.xcassets */ = {isa = PBXFileReference; lastKnownFileType = folder.assetcatalog; path = Assets.xcassets; sourceTree = "<group>"; };
		83AD07921E6F261300313D24 /* Base */ = {isa = PBXFileReference; lastKnownFileType = file.storyboard; name = Base; path = Base.lproj/LaunchScreen.storyboard; sourceTree = "<group>"; };
		83AD07941E6F261300313D24 /* Info.plist */ = {isa = PBXFileReference; lastKnownFileType = text.plist.xml; path = Info.plist; sourceTree = "<group>"; };
		83AD07991E6F261300313D24 /* 2DA_EVA_2_TablasUITests.xctest */ = {isa = PBXFileReference; explicitFileType = wrapper.cfbundle; includeInIndex = 0; path = 2DA_EVA_2_TablasUITests.xctest; sourceTree = BUILT_PRODUCTS_DIR; };
		83AD079D1E6F261300313D24 /* _DA_EVA_2_TablasUITests.swift */ = {isa = PBXFileReference; lastKnownFileType = sourcecode.swift; path = _DA_EVA_2_TablasUITests.swift; sourceTree = "<group>"; };
		83AD079F1E6F261300313D24 /* Info.plist */ = {isa = PBXFileReference; lastKnownFileType = text.plist.xml; path = Info.plist; sourceTree = "<group>"; };
/* End PBXFileReference section */

/* Begin PBXFrameworksBuildPhase section */
		83AD07821E6F261300313D24 /* Frameworks */ = {
			isa = PBXFrameworksBuildPhase;
			buildActionMask = 2147483647;
			files = (
			);
			runOnlyForDeploymentPostprocessing = 0;
		};
		83AD07961E6F261300313D24 /* Frameworks */ = {
			isa = PBXFrameworksBuildPhase;
			buildActionMask = 2147483647;
			files = (
			);
			runOnlyForDeploymentPostprocessing = 0;
		};
/* End PBXFrameworksBuildPhase section */

/* Begin PBXGroup section */
		83AD077C1E6F261300313D24 = {
			isa = PBXGroup;
			children = (
				83AD07871E6F261300313D24 /* 2DA_EVA_2_Tablas */,
				83AD079C1E6F261300313D24 /* 2DA_EVA_2_TablasUITests */,
				83AD07861E6F261300313D24 /* Products */,
			);
			sourceTree = "<group>";
		};
		83AD07861E6F261300313D24 /* Products */ = {
			isa = PBXGroup;
			children = (
				83AD07851E6F261300313D24 /* 2DA_EVA_2_Tablas.app */,
				83AD07991E6F261300313D24 /* 2DA_EVA_2_TablasUITests.xctest */,
			);
			name = Products;
			sourceTree = "<group>";
		};
		83AD07871E6F261300313D24 /* 2DA_EVA_2_Tablas */ = {
			isa = PBXGroup;
			children = (
				83AD07881E6F261300313D24 /* AppDelegate.swift */,
				83AD078A1E6F261300313D24 /* ViewController.swift */,
				83AD078C1E6F261300313D24 /* Main.storyboard */,
				83AD078F1E6F261300313D24 /* Assets.xcassets */,
				83AD07911E6F261300313D24 /* LaunchScreen.storyboard */,
				83AD07941E6F261300313D24 /* Info.plist */,
			);
			path = 2DA_EVA_2_Tablas;
			sourceTree = "<group>";
		};
		83AD079C1E6F261300313D24 /* 2DA_EVA_2_TablasUITests */ = {
			isa = PBXGroup;
			children = (
				83AD079D1E6F261300313D24 /* _DA_EVA_2_TablasUITests.swift */,
				83AD079F1E6F261300313D24 /* Info.plist */,
			);
			path = 2DA_EVA_2_TablasUITests;
			sourceTree = "<group>";
		};
/* End PBXGroup section */

/* Begin PBXNativeTarget section */
		83AD07841E6F261300313D24 /* 2DA_EVA_2_Tablas */ = {
			isa = PBXNativeTarget;
			buildConfigurationList = 83AD07A21E6F261300313D24 /* Build configuration list for PBXNativeTarget "2DA_EVA_2_Tablas" */;
			buildPhases = (
				83AD07811E6F261300313D24 /* Sources */,
				83AD07821E6F261300313D24 /* Frameworks */,
				83AD07831E6F261300313D24 /* Resources */,
			);
			buildRules = (
			);
			dependencies = (
			);
			name = 2DA_EVA_2_Tablas;
			productName = 2DA_EVA_2_Tablas;
			productReference = 83AD07851E6F261300313D24 /* 2DA_EVA_2_Tablas.app */;
			productType = "com.apple.product-type.application";
		};
		83AD07981E6F261300313D24 /* 2DA_EVA_2_TablasUITests */ = {
			isa = PBXNativeTarget;
			buildConfigurationList = 83AD07A51E6F261300313D24 /* Build configuration list for PBXNativeTarget "2DA_EVA_2_TablasUITests" */;
			buildPhases = (
				83AD07951E6F261300313D24 /* Sources */,
				83AD07961E6F261300313D24 /* Frameworks */,
				83AD07971E6F261300313D24 /* Resources */,
			);
			buildRules = (
			);
			dependencies = (
				83AD079B1E6F261300313D24 /* PBXTargetDependency */,
			);
			name = 2DA_EVA_2_TablasUITests;
			productName = 2DA_EVA_2_TablasUITests;
			productReference = 83AD07991E6F261300313D24 /* 2DA_EVA_2_TablasUITests.xctest */;
			productType = "com.apple.product-type.bundle.ui-testing";
		};
/* End PBXNativeTarget section */

/* Begin PBXProject section */
		83AD077D1E6F261300313D24 /* Project object */ = {
			isa = PBXProject;
			attributes = {
				LastSwiftUpdateCheck = 0730;
				LastUpgradeCheck = 0730;
				ORGANIZATIONNAME = tec2;
				TargetAttributes = {
					83AD07841E6F261300313D24 = {
						CreatedOnToolsVersion = 7.3.1;
					};
					83AD07981E6F261300313D24 = {
						CreatedOnToolsVersion = 7.3.1;
						TestTargetID = 83AD07841E6F261300313D24;
					};
				};
			};
			buildConfigurationList = 83AD07801E6F261300313D24 /* Build configuration list for PBXProject "2DA_EVA_2_Tablas" */;
			compatibilityVersion = "Xcode 3.2";
			developmentRegion = English;
			hasScannedForEncodings = 0;
			knownRegions = (
				en,
				Base,
			);
			mainGroup = 83AD077C1E6F261300313D24;
			productRefGroup = 83AD07861E6F261300313D24 /* Products */;
			projectDirPath = "";
			projectRoot = "";
			targets = (
				83AD07841E6F261300313D24 /* 2DA_EVA_2_Tablas */,
				83AD07981E6F261300313D24 /* 2DA_EVA_2_TablasUITests */,
			);
		};
/* End PBXProject section */

/* Begin PBXResourcesBuildPhase section */
		83AD07831E6F261300313D24 /* Resources */ = {
			isa = PBXResourcesBuildPhase;
			buildActionMask = 2147483647;
			files = (
				83AD07931E6F261300313D24 /* LaunchScreen.storyboard in Resources */,
				83AD07901E6F261300313D24 /* Assets.xcassets in Resources */,
				83AD078E1E6F261300313D24 /* Main.storyboard in Resources */,
			);
			runOnlyForDeploymentPostprocessing = 0;
		};
		83AD07971E6F261300313D24 /* Resources */ = {
			isa = PBXResourcesBuildPhase;
			buildActionMask = 2147483647;
			files = (
			);
			runOnlyForDeploymentPostprocessing = 0;
		};
/* End PBXResourcesBuildPhase section */

/* Begin PBXSourcesBuildPhase section */
		83AD07811E6F261300313D24 /* Sources */ = {
			isa = PBXSourcesBuildPhase;
			buildActionMask = 2147483647;
			files = (
				83AD078B1E6F261300313D24 /* ViewController.swift in Sources */,
				83AD07891E6F261300313D24 /* AppDelegate.swift in Sources */,
			);
			runOnlyForDeploymentPostprocessing = 0;
		};
		83AD07951E6F261300313D24 /* Sources */ = {
			isa = PBXSourcesBuildPhase;
			buildActionMask = 2147483647;
			files = (
				83AD079E1E6F261300313D24 /* _DA_EVA_2_TablasUITests.swift in Sources */,
			);
			runOnlyForDeploymentPostprocessing = 0;
		};
/* End PBXSourcesBuildPhase section */

/* Begin PBXTargetDependency section */
		83AD079B1E6F261300313D24 /* PBXTargetDependency */ = {
			isa = PBXTargetDependency;
			target = 83AD07841E6F261300313D24 /* 2DA_EVA_2_Tablas */;
			targetProxy = 83AD079A1E6F261300313D24 /* PBXContainerItemProxy */;
		};
/* End PBXTargetDependency section */

/* Begin PBXVariantGroup section */
		83AD078C1E6F261300313D24 /* Main.storyboard */ = {
			isa = PBXVariantGroup;
			children = (
				83AD078D1E6F261300313D24 /* Base */,
			);
			name = Main.storyboard;
			sourceTree = "<group>";
		};
		83AD07911E6F261300313D24 /* LaunchScreen.storyboard */ = {
			isa = PBXVariantGroup;
			children = (
				83AD07921E6F261300313D24 /* Base */,
			);
			name = LaunchScreen.storyboard;
			sourceTree = "<group>";
		};
/* End PBXVariantGroup section */

/* Begin XCBuildConfiguration section */
		83AD07A01E6F261300313D24 /* Debug */ = {
			isa = XCBuildConfiguration;
			buildSettings = {
				ALWAYS_SEARCH_USER_PATHS = NO;
				CLANG_ANALYZER_NONNULL = YES;
				CLANG_CXX_LANGUAGE_STANDARD = "gnu++0x";
				CLANG_CXX_LIBRARY = "libc++";
				CLANG_ENABLE_MODULES = YES;
				CLANG_ENABLE_OBJC_ARC = YES;
				CLANG_WARN_BOOL_CONVERSION = YES;
				CLANG_WARN_CONSTANT_CONVERSION = YES;
				CLANG_WARN_DIRECT_OBJC_ISA_USAGE = YES_ERROR;
				CLANG_WARN_EMPTY_BODY = YES;
				CLANG_WARN_ENUM_CONVERSION = YES;
				CLANG_WARN_INT_CONVERSION = YES;
				CLANG_WARN_OBJC_ROOT_CLASS = YES_ERROR;
				CLANG_WARN_UNREACHABLE_CODE = YES;
				CLANG_WARN__DUPLICATE_METHOD_MATCH = YES;
				"CODE_SIGN_IDENTITY[sdk=iphoneos*]" = "iPhone Developer";
				COPY_PHASE_STRIP = NO;
				DEBUG_INFORMATION_FORMAT = dwarf;
				ENABLE_STRICT_OBJC_MSGSEND = YES;
				ENABLE_TESTABILITY = YES;
				GCC_C_LANGUAGE_STANDARD = gnu99;
				GCC_DYNAMIC_NO_PIC = NO;
				GCC_NO_COMMON_BLOCKS = YES;
				GCC_OPTIMIZATION_LEVEL = 0;
				GCC_PREPROCESSOR_DEFINITIONS = (
					"DEBUG=1",
					"$(inherited)",
				);
				GCC_WARN_64_TO_32_BIT_CONVERSION = YES;
				GCC_WARN_ABOUT_RETURN_TYPE = YES_ERROR;
				GCC_WARN_UNDECLARED_SELECTOR = YES;
				GCC_WARN_UNINITIALIZED_AUTOS = YES_AGGRESSIVE;
				GCC_WARN_UNUSED_FUNCTION = YES;
				GCC_WARN_UNUSED_VARIABLE = YES;
				IPHONEOS_DEPLOYMENT_TARGET = 9.3;
				MTL_ENABLE_DEBUG_INFO = YES;
				ONLY_ACTIVE_ARCH = YES;
				SDKROOT = iphoneos;
				SWIFT_OPTIMIZATION_LEVEL = "-Onone";
			};
			name = Debug;
		};
		83AD07A11E6F261300313D24 /* Release */ = {
			isa = XCBuildConfiguration;
			buildSettings = {
				ALWAYS_SEARCH_USER_PATHS = NO;
				CLANG_ANALYZER_NONNULL = YES;
				CLANG_CXX_LANGUAGE_STANDARD = "gnu++0x";
				CLANG_CXX_LIBRARY = "libc++";
				CLANG_ENABLE_MODULES = YES;
				CLANG_ENABLE_OBJC_ARC = YES;
				CLANG_WARN_BOOL_CONVERSION = YES;
				CLANG_WARN_CONSTANT_CONVERSION = YES;
				CLANG_WARN_DIRECT_OBJC_ISA_USAGE = YES_ERROR;
				CLANG_WARN_EMPTY_BODY = YES;
				CLANG_WARN_ENUM_CONVERSION = YES;
				CLANG_WARN_INT_CONVERSION = YES;
				CLANG_WARN_OBJC_ROOT_CLASS = YES_ERROR;
				CLANG_WARN_UNREACHABLE_CODE = YES;
				CLANG_WARN__DUPLICATE_METHOD_MATCH = YES;
				"CODE_SIGN_IDENTITY[sdk=iphoneos*]" = "iPhone Developer";
				COPY_PHASE_STRIP = NO;
				DEBUG_INFORMATION_FORMAT = "dwarf-with-dsym";
				ENABLE_NS_ASSERTIONS = NO;
				ENABLE_STRICT_OBJC_MSGSEND = YES;
				GCC_C_LANGUAGE_STANDARD = gnu99;
				GCC_NO_COMMON_BLOCKS = YES;
				GCC_WARN_64_TO_32_BIT_CONVERSION = YES;
				GCC_WARN_ABOUT_RETURN_TYPE = YES_ERROR;
				GCC_WARN_UNDECLARED_SELECTOR = YES;
				GCC_WARN_UNINITIALIZED_AUTOS = YES_AGGRESSIVE;
				GCC_WARN_UNUSED_FUNCTION = YES;
				GCC_WARN_UNUSED_VARIABLE = YES;
				IPHONEOS_DEPLOYMENT_TARGET = 9.3;
				MTL_ENABLE_DEBUG_INFO = NO;
				SDKROOT = iphoneos;
				VALIDATE_PRODUCT = YES;
			};
			name = Release;
		};
		83AD07A31E6F261300313D24 /* Debug */ = {
			isa = XCBuildConfiguration;
			buildSettings = {
				ASSETCATALOG_COMPILER_APPICON_NAME = AppIcon;
				INFOPLIST_FILE = 2DA_EVA_2_Tablas/Info.plist;
				LD_RUNPATH_SEARCH_PATHS = "$(inherited) @executable_path/Frameworks";
				PRODUCT_BUNDLE_IDENTIFIER = "administrador.-DA-EVA-2-Tablas";
				PRODUCT_NAME = "$(TARGET_NAME)";
			};
			name = Debug;
		};
		83AD07A41E6F261300313D24 /* Release */ = {
			isa = XCBuildConfiguration;
			buildSettings = {
				ASSETCATALOG_COMPILER_APPICON_NAME = AppIcon;
				INFOPLIST_FILE = 2DA_EVA_2_Tablas/Info.plist;
				LD_RUNPATH_SEARCH_PATHS = "$(inherited) @executable_path/Frameworks";
				PRODUCT_BUNDLE_IDENTIFIER = "administrador.-DA-EVA-2-Tablas";
				PRODUCT_NAME = "$(TARGET_NAME)";
			};
			name = Release;
		};
		83AD07A61E6F261300313D24 /* Debug */ = {
			isa = XCBuildConfiguration;
			buildSettings = {
				INFOPLIST_FILE = 2DA_EVA_2_TablasUITests/Info.plist;
				LD_RUNPATH_SEARCH_PATHS = "$(inherited) @executable_path/Frameworks @loader_path/Frameworks";
				PRODUCT_BUNDLE_IDENTIFIER = "administrador.-DA-EVA-2-TablasUITests";
				PRODUCT_NAME = "$(TARGET_NAME)";
				TEST_TARGET_NAME = 2DA_EVA_2_Tablas;
			};
			name = Debug;
		};
		83AD07A71E6F261300313D24 /* Release */ = {
			isa = XCBuildConfiguration;
			buildSettings = {
				INFOPLIST_FILE = 2DA_EVA_2_TablasUITests/Info.plist;
				LD_RUNPATH_SEARCH_PATHS = "$(inherited) @executable_path/Frameworks @loader_path/Frameworks";
				PRODUCT_BUNDLE_IDENTIFIER = "administrador.-DA-EVA-2-TablasUITests";
				PRODUCT_NAME = "$(TARGET_NAME)";
				TEST_TARGET_NAME = 2DA_EVA_2_Tablas;
			};
			name = Release;
		};
/* End XCBuildConfiguration section */

/* Begin XCConfigurationList section */
		83AD07801E6F261300313D24 /* Build configuration list for PBXProject "2DA_EVA_2_Tablas" */ = {
			isa = XCConfigurationList;
			buildConfigurations = (
				83AD07A01E6F261300313D24 /* Debug */,
				83AD07A11E6F261300313D24 /* Release */,
			);
			defaultConfigurationIsVisible = 0;
			defaultConfigurationName = Release;
		};
		83AD07A21E6F261300313D24 /* Build configuration list for PBXNativeTarget "2DA_EVA_2_Tablas" */ = {
			isa = XCConfigurationList;
			buildConfigurations = (
				83AD07A31E6F261300313D24 /* Debug */,
				83AD07A41E6F261300313D24 /* Release */,
			);
			defaultConfigurationIsVisible = 0;
		};
		83AD07A51E6F261300313D24 /* Build configuration list for PBXNativeTarget "2DA_EVA_2_TablasUITests" */ = {
			isa = XCConfigurationList;
			buildConfigurations = (
				83AD07A61E6F261300313D24 /* Debug */,
				83AD07A71E6F261300313D24 /* Release */,
			);
			defaultConfigurationIsVisible = 0;
		};
/* End XCConfigurationList section */
	};
	rootObject = 83AD077D1E6F261300313D24 /* Project object */;
}
